
Microsoft Visual Studio Solution File, Format Version 12.00
# Visual Studio Version 17
VisualStudioVersion = 17.12.35209.166
MinimumVisualStudioVersion = 10.0.40219.1
Project("{9A19103F-16F7-4668-BE54-9A1E7A4F7556}") = "TK.ItemCombine", "TK.ItemCombine\TK.ItemCombine.csproj", "{3E3576F6-D0A7-4A5F-A5A6-C3FCED9C539B}"
EndProject
Project("{9A19103F-16F7-4668-BE54-9A1E7A4F7556}") = "TK.ItemCombineDest", "..\TK.ItemCombineDest\TK.ItemCombineDest\TK.ItemCombineDest.csproj", "{E4A33484-8905-45BF-9101-FCD74C68F2C4}"
EndProject
Project("{9A19103F-16F7-4668-BE54-9A1E7A4F7556}") = "TK.ItemCombineSY0010", "..\TK.ItemCombineSY0010\TK.ItemCombineSY0010\TK.ItemCombineSY0010.csproj", "{5B7C6BB5-AD3F-432E-B667-EA3A414B06B9}"
EndProject
Global
	GlobalSection(SolutionConfigurationPlatforms) = preSolution
		Debug|Any CPU = Debug|Any CPU
		Release|Any CPU = Release|Any CPU
	EndGlobalSection
	GlobalSection(ProjectConfigurationPlatforms) = postSolution
		{3E3576F6-D0A7-4A5F-A5A6-C3FCED9C539B}.Debug|Any CPU.ActiveCfg = Debug|Any CPU
		{3E3576F6-D0A7-4A5F-A5A6-C3FCED9C539B}.Debug|Any CPU.Build.0 = Debug|Any CPU
		{3E3576F6-D0A7-4A5F-A5A6-C3FCED9C539B}.Release|Any CPU.ActiveCfg = Release|Any CPU
		{3E3576F6-D0A7-4A5F-A5A6-C3FCED9C539B}.Release|Any CPU.Build.0 = Release|Any CPU
		{E4A33484-8905-45BF-9101-FCD74C68F2C4}.Debug|Any CPU.ActiveCfg = Debug|Any CPU
		{E4A33484-8905-45BF-9101-FCD74C68F2C4}.Debug|Any CPU.Build.0 = Debug|Any CPU
		{E4A33484-8905-45BF-9101-FCD74C68F2C4}.Release|Any CPU.ActiveCfg = Release|Any CPU
		{E4A33484-8905-45BF-9101-FCD74C68F2C4}.Release|Any CPU.Build.0 = Release|Any CPU
		{5B7C6BB5-AD3F-432E-B667-EA3A414B06B9}.Debug|Any CPU.ActiveCfg = Debug|Any CPU
		{5B7C6BB5-AD3F-432E-B667-EA3A414B06B9}.Debug|Any CPU.Build.0 = Debug|Any CPU
		{5B7C6BB5-AD3F-432E-B667-EA3A414B06B9}.Release|Any CPU.ActiveCfg = Release|Any CPU
		{5B7C6BB5-AD3F-432E-B667-EA3A414B06B9}.Release|Any CPU.Build.0 = Release|Any CPU
	EndGlobalSection
	GlobalSection(SolutionProperties) = preSolution
		HideSolutionNode = FALSE
	EndGlobalSection
	GlobalSection(ExtensibilityGlobals) = postSolution
		SolutionGuid = {5DF710B8-5E33-419F-834F-A5901C0877B2}
	EndGlobalSection
EndGlobal
